// !$*UTF8*$!
{
	archiveVersion = 1;
	classes = {
	};
	objectVersion = 50;
	objects = {

/* Begin PBXBuildFile section */
		CC42BC22250E483B00175955 /* AppDelegate.swift in Sources */ = {isa = PBXBuildFile; fileRef = CC42BC21250E483B00175955 /* AppDelegate.swift */; };
		CC42BC24250E483B00175955 /* SceneDelegate.swift in Sources */ = {isa = PBXBuildFile; fileRef = CC42BC23250E483B00175955 /* SceneDelegate.swift */; };
		CC42BC26250E483B00175955 /* ViewController.swift in Sources */ = {isa = PBXBuildFile; fileRef = CC42BC25250E483B00175955 /* ViewController.swift */; };
		CC42BC29250E483B00175955 /* Main.storyboard in Resources */ = {isa = PBXBuildFile; fileRef = CC42BC27250E483B00175955 /* Main.storyboard */; };
		CC42BC2B250E483D00175955 /* Assets.xcassets in Resources */ = {isa = PBXBuildFile; fileRef = CC42BC2A250E483D00175955 /* Assets.xcassets */; };
		CC42BC2E250E483D00175955 /* LaunchScreen.storyboard in Resources */ = {isa = PBXBuildFile; fileRef = CC42BC2C250E483D00175955 /* LaunchScreen.storyboard */; };
		CC42BC36250E573400175955 /* SwipeController.swift in Sources */ = {isa = PBXBuildFile; fileRef = CC42BC35250E573400175955 /* SwipeController.swift */; };
		CC42BC38250E648300175955 /* IntroPageCell.swift in Sources */ = {isa = PBXBuildFile; fileRef = CC42BC37250E648300175955 /* IntroPageCell.swift */; };
/* End PBXBuildFile section */

/* Begin PBXFileReference section */
		CC42BC1E250E483B00175955 /* MyManagement.app */ = {isa = PBXFileReference; explicitFileType = wrapper.application; includeInIndex = 0; path = MyManagement.app; sourceTree = BUILT_PRODUCTS_DIR; };
		CC42BC21250E483B00175955 /* AppDelegate.swift */ = {isa = PBXFileReference; lastKnownFileType = sourcecode.swift; path = AppDelegate.swift; sourceTree = "<group>"; };
		CC42BC23250E483B00175955 /* SceneDelegate.swift */ = {isa = PBXFileReference; lastKnownFileType = sourcecode.swift; path = SceneDelegate.swift; sourceTree = "<group>"; };
		CC42BC25250E483B00175955 /* ViewController.swift */ = {isa = PBXFileReference; lastKnownFileType = sourcecode.swift; path = ViewController.swift; sourceTree = "<group>"; };
		CC42BC28250E483B00175955 /* Base */ = {isa = PBXFileReference; lastKnownFileType = file.storyboard; name = Base; path = Base.lproj/Main.storyboard; sourceTree = "<group>"; };
		CC42BC2A250E483D00175955 /* Assets.xcassets */ = {isa = PBXFileReference; lastKnownFileType = folder.assetcatalog; path = Assets.xcassets; sourceTree = "<group>"; };
		CC42BC2D250E483D00175955 /* Base */ = {isa = PBXFileReference; lastKnownFileType = file.storyboard; name = Base; path = Base.lproj/LaunchScreen.storyboard; sourceTree = "<group>"; };
		CC42BC2F250E483D00175955 /* Info.plist */ = {isa = PBXFileReference; lastKnownFileType = text.plist.xml; path = Info.plist; sourceTree = "<group>"; };
		CC42BC35250E573400175955 /* SwipeController.swift */ = {isa = PBXFileReference; lastKnownFileType = sourcecode.swift; path = SwipeController.swift; sourceTree = "<group>"; };
		CC42BC37250E648300175955 /* IntroPageCell.swift */ = {isa = PBXFileReference; lastKnownFileType = sourcecode.swift; path = IntroPageCell.swift; sourceTree = "<group>"; };
/* End PBXFileReference section */

/* Begin PBXFrameworksBuildPhase section */
		CC42BC1B250E483B00175955 /* Frameworks */ = {
			isa = PBXFrameworksBuildPhase;
			buildActionMask = 2147483647;
			files = (
			);
			runOnlyForDeploymentPostprocessing = 0;
		};
/* End PBXFrameworksBuildPhase section */

/* Begin PBXGroup section */
		CC42BC15250E483B00175955 = {
			isa = PBXGroup;
			children = (
				CC42BC20250E483B00175955 /* MyManagement */,
				CC42BC1F250E483B00175955 /* Products */,
			);
			sourceTree = "<group>";
		};
		CC42BC1F250E483B00175955 /* Products */ = {
			isa = PBXGroup;
			children = (
				CC42BC1E250E483B00175955 /* MyManagement.app */,
			);
			name = Products;
			sourceTree = "<group>";
		};
		CC42BC20250E483B00175955 /* MyManagement */ = {
			isa = PBXGroup;
			children = (
				CC42BC21250E483B00175955 /* AppDelegate.swift */,
				CC42BC23250E483B00175955 /* SceneDelegate.swift */,
				CC42BC25250E483B00175955 /* ViewController.swift */,
				CC42BC27250E483B00175955 /* Main.storyboard */,
				CC42BC2A250E483D00175955 /* Assets.xcassets */,
				CC42BC2C250E483D00175955 /* LaunchScreen.storyboard */,
				CC42BC2F250E483D00175955 /* Info.plist */,
				CC42BC35250E573400175955 /* SwipeController.swift */,
				CC42BC37250E648300175955 /* IntroPageCell.swift */,
			);
			path = MyManagement;
			sourceTree = "<group>";
		};
/* End PBXGroup section */

/* Begin PBXNativeTarget section */
		CC42BC1D250E483B00175955 /* MyManagement */ = {
			isa = PBXNativeTarget;
			buildConfigurationList = CC42BC32250E483D00175955 /* Build configuration list for PBXNativeTarget "MyManagement" */;
			buildPhases = (
				CC42BC1A250E483B00175955 /* Sources */,
				CC42BC1B250E483B00175955 /* Frameworks */,
				CC42BC1C250E483B00175955 /* Resources */,
			);
			buildRules = (
			);
			dependencies = (
			);
			name = MyManagement;
			productName = MyManagement;
			productReference = CC42BC1E250E483B00175955 /* MyManagement.app */;
			productType = "com.apple.product-type.application";
		};
/* End PBXNativeTarget section */

/* Begin PBXProject section */
		CC42BC16250E483B00175955 /* Project object */ = {
			isa = PBXProject;
			attributes = {
				LastSwiftUpdateCheck = 1160;
				LastUpgradeCheck = 1160;
				ORGANIZATIONNAME = MinsooKim;
				TargetAttributes = {
					CC42BC1D250E483B00175955 = {
						CreatedOnToolsVersion = 11.6;
					};
				};
			};
			buildConfigurationList = CC42BC19250E483B00175955 /* Build configuration list for PBXProject "MyManagement" */;
			compatibilityVersion = "Xcode 9.3";
			developmentRegion = en;
			hasScannedForEncodings = 0;
			knownRegions = (
				en,
				Base,
			);
			mainGroup = CC42BC15250E483B00175955;
			productRefGroup = CC42BC1F250E483B00175955 /* Products */;
			projectDirPath = "";
			projectRoot = "";
			targets = (
				CC42BC1D250E483B00175955 /* MyManagement */,
			);
		};
/* End PBXProject section */

/* Begin PBXResourcesBuildPhase section */
		CC42BC1C250E483B00175955 /* Resources */ = {
			isa = PBXResourcesBuildPhase;
			buildActionMask = 2147483647;
			files = (
				CC42BC2E250E483D00175955 /* LaunchScreen.storyboard in Resources */,
				CC42BC2B250E483D00175955 /* Assets.xcassets in Resources */,
				CC42BC29250E483B00175955 /* Main.storyboard in Resources */,
			);
			runOnlyForDeploymentPostprocessing = 0;
		};
/* End PBXResourcesBuildPhase section */

/* Begin PBXSourcesBuildPhase section */
		CC42BC1A250E483B00175955 /* Sources */ = {
			isa = PBXSourcesBuildPhase;
			buildActionMask = 2147483647;
			files = (
				CC42BC36250E573400175955 /* SwipeController.swift in Sources */,
				CC42BC38250E648300175955 /* IntroPageCell.swift in Sources */,
				CC42BC26250E483B00175955 /* ViewController.swift in Sources */,
				CC42BC22250E483B00175955 /* AppDelegate.swift in Sources */,
				CC42BC24250E483B00175955 /* SceneDelegate.swift in Sources */,
			);
			runOnlyForDeploymentPostprocessing = 0;
		};
/* End PBXSourcesBuildPhase section */

/* Begin PBXVariantGroup section */
		CC42BC27250E483B00175955 /* Main.storyboard */ = {
			isa = PBXVariantGroup;
			children = (
				CC42BC28250E483B00175955 /* Base */,
			);
			name = Main.storyboard;
			sourceTree = "<group>";
		};
		CC42BC2C250E483D00175955 /* LaunchScreen.storyboard */ = {
			isa = PBXVariantGroup;
			children = (
				CC42BC2D250E483D00175955 /* Base */,
			);
			name = LaunchScreen.storyboard;
			sourceTree = "<group>";
		};
/* End PBXVariantGroup section */

/* Begin XCBuildConfiguration section */
		CC42BC30250E483D00175955 /* Debug */ = {
			isa = XCBuildConfiguration;
			buildSettings = {
				ALWAYS_SEARCH_USER_PATHS = NO;
				CLANG_ANALYZER_NONNULL = YES;
				CLANG_ANALYZER_NUMBER_OBJECT_CONVERSION = YES_AGGRESSIVE;
				CLANG_CXX_LANGUAGE_STANDARD = "gnu++14";
				CLANG_CXX_LIBRARY = "libc++";
				CLANG_ENABLE_MODULES = YES;
				CLANG_ENABLE_OBJC_ARC = YES;
				CLANG_ENABLE_OBJC_WEAK = YES;
				CLANG_WARN_BLOCK_CAPTURE_AUTORELEASING = YES;
				CLANG_WARN_BOOL_CONVERSION = YES;
				CLANG_WARN_COMMA = YES;
				CLANG_WARN_CONSTANT_CONVERSION = YES;
				CLANG_WARN_DEPRECATED_OBJC_IMPLEMENTATIONS = YES;
				CLANG_WARN_DIRECT_OBJC_ISA_USAGE = YES_ERROR;
				CLANG_WARN_DOCUMENTATION_COMMENTS = YES;
				CLANG_WARN_EMPTY_BODY = YES;
				CLANG_WARN_ENUM_CONVERSION = YES;
				CLANG_WARN_INFINITE_RECURSION = YES;
				CLANG_WARN_INT_CONVERSION = YES;
				CLANG_WARN_NON_LITERAL_NULL_CONVERSION = YES;
				CLANG_WARN_OBJC_IMPLICIT_RETAIN_SELF = YES;
				CLANG_WARN_OBJC_LITERAL_CONVERSION = YES;
				CLANG_WARN_OBJC_ROOT_CLASS = YES_ERROR;
				CLANG_WARN_RANGE_LOOP_ANALYSIS = YES;
				CLANG_WARN_STRICT_PROTOTYPES = YES;
				CLANG_WARN_SUSPICIOUS_MOVE = YES;
				CLANG_WARN_UNGUARDED_AVAILABILITY = YES_AGGRESSIVE;
				CLANG_WARN_UNREACHABLE_CODE = YES;
				CLANG_WARN__DUPLICATE_METHOD_MATCH = YES;
				COPY_PHASE_STRIP = NO;
				DEBUG_INFORMATION_FORMAT = dwarf;
				ENABLE_STRICT_OBJC_MSGSEND = YES;
				ENABLE_TESTABILITY = YES;
				GCC_C_LANGUAGE_STANDARD = gnu11;
				GCC_DYNAMIC_NO_PIC = NO;
				GCC_NO_COMMON_BLOCKS = YES;
				GCC_OPTIMIZATION_LEVEL = 0;
				GCC_PREPROCESSOR_DEFINITIONS = (
					"DEBUG=1",
					"$(inherited)",
				);
				GCC_WARN_64_TO_32_BIT_CONVERSION = YES;
				GCC_WARN_ABOUT_RETURN_TYPE = YES_ERROR;
				GCC_WARN_UNDECLARED_SELECTOR = YES;
				GCC_WARN_UNINITIALIZED_AUTOS = YES_AGGRESSIVE;
				GCC_WARN_UNUSED_FUNCTION = YES;
				GCC_WARN_UNUSED_VARIABLE = YES;
				IPHONEOS_DEPLOYMENT_TARGET = 13.6;
				MTL_ENABLE_DEBUG_INFO = INCLUDE_SOURCE;
				MTL_FAST_MATH = YES;
				ONLY_ACTIVE_ARCH = YES;
				SDKROOT = iphoneos;
				SWIFT_ACTIVE_COMPILATION_CONDITIONS = DEBUG;
				SWIFT_OPTIMIZATION_LEVEL = "-Onone";
			};
			name = Debug;
		};
		CC42BC31250E483D00175955 /* Release */ = {
			isa = XCBuildConfiguration;
			buildSettings = {
				ALWAYS_SEARCH_USER_PATHS = NO;
				CLANG_ANALYZER_NONNULL = YES;
				CLANG_ANALYZER_NUMBER_OBJECT_CONVERSION = YES_AGGRESSIVE;
				CLANG_CXX_LANGUAGE_STANDARD = "gnu++14";
				CLANG_CXX_LIBRARY = "libc++";
				CLANG_ENABLE_MODULES = YES;
				CLANG_ENABLE_OBJC_ARC = YES;
				CLANG_ENABLE_OBJC_WEAK = YES;
				CLANG_WARN_BLOCK_CAPTURE_AUTORELEASING = YES;
				CLANG_WARN_BOOL_CONVERSION = YES;
				CLANG_WARN_COMMA = YES;
				CLANG_WARN_CONSTANT_CONVERSION = YES;
				CLANG_WARN_DEPRECATED_OBJC_IMPLEMENTATIONS = YES;
				CLANG_WARN_DIRECT_OBJC_ISA_USAGE = YES_ERROR;
				CLANG_WARN_DOCUMENTATION_COMMENTS = YES;
				CLANG_WARN_EMPTY_BODY = YES;
				CLANG_WARN_ENUM_CONVERSION = YES;
				CLANG_WARN_INFINITE_RECURSION = YES;
				CLANG_WARN_INT_CONVERSION = YES;
				CLANG_WARN_NON_LITERAL_NULL_CONVERSION = YES;
				CLANG_WARN_OBJC_IMPLICIT_RETAIN_SELF = YES;
				CLANG_WARN_OBJC_LITERAL_CONVERSION = YES;
				CLANG_WARN_OBJC_ROOT_CLASS = YES_ERROR;
				CLANG_WARN_RANGE_LOOP_ANALYSIS = YES;
				CLANG_WARN_STRICT_PROTOTYPES = YES;
				CLANG_WARN_SUSPICIOUS_MOVE = YES;
				CLANG_WARN_UNGUARDED_AVAILABILITY = YES_AGGRESSIVE;
				CLANG_WARN_UNREACHABLE_CODE = YES;
				CLANG_WARN__DUPLICATE_METHOD_MATCH = YES;
				COPY_PHASE_STRIP = NO;
				DEBUG_INFORMATION_FORMAT = "dwarf-with-dsym";
				ENABLE_NS_ASSERTIONS = NO;
				ENABLE_STRICT_OBJC_MSGSEND = YES;
				GCC_C_LANGUAGE_STANDARD = gnu11;
				GCC_NO_COMMON_BLOCKS = YES;
				GCC_WARN_64_TO_32_BIT_CONVERSION = YES;
				GCC_WARN_ABOUT_RETURN_TYPE = YES_ERROR;
				GCC_WARN_UNDECLARED_SELECTOR = YES;
				GCC_WARN_UNINITIALIZED_AUTOS = YES_AGGRESSIVE;
				GCC_WARN_UNUSED_FUNCTION = YES;
				GCC_WARN_UNUSED_VARIABLE = YES;
				IPHONEOS_DEPLOYMENT_TARGET = 13.6;
				MTL_ENABLE_DEBUG_INFO = NO;
				MTL_FAST_MATH = YES;
				SDKROOT = iphoneos;
				SWIFT_COMPILATION_MODE = wholemodule;
				SWIFT_OPTIMIZATION_LEVEL = "-O";
				VALIDATE_PRODUCT = YES;
			};
			name = Release;
		};
		CC42BC33250E483D00175955 /* Debug */ = {
			isa = XCBuildConfiguration;
			buildSettings = {
				ASSETCATALOG_COMPILER_APPICON_NAME = AppIcon;
				CODE_SIGN_STYLE = Automatic;
				DEVELOPMENT_TEAM = 273H9G8C46;
				INFOPLIST_FILE = MyManagement/Info.plist;
				LD_RUNPATH_SEARCH_PATHS = (
					"$(inherited)",
					"@executable_path/Frameworks",
				);
				PRODUCT_BUNDLE_IDENTIFIER = MinsooKim.MyManagement;
				PRODUCT_NAME = "$(TARGET_NAME)";
				SWIFT_VERSION = 5.0;
				TARGETED_DEVICE_FAMILY = "1,2";
			};
			name = Debug;
		};
		CC42BC34250E483D00175955 /* Release */ = {
			isa = XCBuildConfiguration;
			buildSettings = {
				ASSETCATALOG_COMPILER_APPICON_NAME = AppIcon;
				CODE_SIGN_STYLE = Automatic;
				DEVELOPMENT_TEAM = 273H9G8C46;
				INFOPLIST_FILE = MyManagement/Info.plist;
				LD_RUNPATH_SEARCH_PATHS = (
					"$(inherited)",
					"@executable_path/Frameworks",
				);
				PRODUCT_BUNDLE_IDENTIFIER = MinsooKim.MyManagement;
				PRODUCT_NAME = "$(TARGET_NAME)";
				SWIFT_VERSION = 5.0;
				TARGETED_DEVICE_FAMILY = "1,2";
			};
			name = Release;
		};
/* End XCBuildConfiguration section */

/* Begin XCConfigurationList section */
		CC42BC19250E483B00175955 /* Build configuration list for PBXProject "MyManagement" */ = {
			isa = XCConfigurationList;
			buildConfigurations = (
				CC42BC30250E483D00175955 /* Debug */,
				CC42BC31250E483D00175955 /* Release */,
			);
			defaultConfigurationIsVisible = 0;
			defaultConfigurationName = Release;
		};
		CC42BC32250E483D00175955 /* Build configuration list for PBXNativeTarget "MyManagement" */ = {
			isa = XCConfigurationList;
			buildConfigurations = (
				CC42BC33250E483D00175955 /* Debug */,
				CC42BC34250E483D00175955 /* Release */,
			);
			defaultConfigurationIsVisible = 0;
			defaultConfigurationName = Release;
		};
/* End XCConfigurationList section */
	};
	rootObject = CC42BC16250E483B00175955 /* Project object */;
}
